
Microsoft Visual Studio Solution File, Format Version 12.00
# Visual Studio Version 17
VisualStudioVersion = 17.1.32407.343
MinimumVisualStudioVersion = 10.0.40219.1
Project("{888888A0-9F3D-457C-B088-3A5042F75D52}") = "src", "src.pyproj", "{09AB0FC4-112E-498D-A432-10355C94ECD3}"
EndProject
Global
	GlobalSection(SolutionConfigurationPlatforms) = preSolution
		Debug|Any CPU = Debug|Any CPU
		Release|Any CPU = Release|Any CPU
	EndGlobalSection
	GlobalSection(ProjectConfigurationPlatforms) = postSolution
		{09AB0FC4-112E-498D-A432-10355C94ECD3}.Debug|Any CPU.ActiveCfg = Debug|Any CPU
		{09AB0FC4-112E-498D-A432-10355C94ECD3}.Release|Any CPU.ActiveCfg = Release|Any CPU
	EndGlobalSection
	GlobalSection(SolutionProperties) = preSolution
		HideSolutionNode = FALSE
	EndGlobalSection
	GlobalSection(ExtensibilityGlobals) = postSolution
		SolutionGuid = {232778B8-7EC0-43CD-AFE9-84E92A7466FA}
	EndGlobalSection
EndGlobal
